
Microsoft Visual Studio Solution File, Format Version 12.00
# Visual Studio Version 16
VisualStudioVersion = 16.0.29728.190
MinimumVisualStudioVersion = 10.0.40219.1
Project("{FAE04EC0-301F-11D3-BF4B-00C04F79EFBC}") = "BlogProjectAPI", "BlogProjectAPI\BlogProjectAPI.csproj", "{B8AD66D8-F630-49FC-AE81-FCDEC5888FBA}"
EndProject
Project("{FAE04EC0-301F-11D3-BF4B-00C04F79EFBC}") = "BlogProjectAPI.Data", "BlogProjectAPI.Data\BlogProjectAPI.Data.csproj", "{9B8B9FF0-F39C-47D6-AC69-3D5357E220FD}"
EndProject
Project("{FAE04EC0-301F-11D3-BF4B-00C04F79EFBC}") = "BlogProjectAPI.DAL", "BlogProjectAPI.DAL\BlogProjectAPI.DAL.csproj", "{D6DCCA00-BA48-4D70-B052-5A6CD2126765}"
EndProject
Global
	GlobalSection(SolutionConfigurationPlatforms) = preSolution
		Debug|Any CPU = Debug|Any CPU
		Release|Any CPU = Release|Any CPU
	EndGlobalSection
	GlobalSection(ProjectConfigurationPlatforms) = postSolution
		{B8AD66D8-F630-49FC-AE81-FCDEC5888FBA}.Debug|Any CPU.ActiveCfg = Debug|Any CPU
		{B8AD66D8-F630-49FC-AE81-FCDEC5888FBA}.Debug|Any CPU.Build.0 = Debug|Any CPU
		{B8AD66D8-F630-49FC-AE81-FCDEC5888FBA}.Release|Any CPU.ActiveCfg = Release|Any CPU
		{B8AD66D8-F630-49FC-AE81-FCDEC5888FBA}.Release|Any CPU.Build.0 = Release|Any CPU
		{9B8B9FF0-F39C-47D6-AC69-3D5357E220FD}.Debug|Any CPU.ActiveCfg = Debug|Any CPU
		{9B8B9FF0-F39C-47D6-AC69-3D5357E220FD}.Debug|Any CPU.Build.0 = Debug|Any CPU
		{9B8B9FF0-F39C-47D6-AC69-3D5357E220FD}.Release|Any CPU.ActiveCfg = Release|Any CPU
		{9B8B9FF0-F39C-47D6-AC69-3D5357E220FD}.Release|Any CPU.Build.0 = Release|Any CPU
		{D6DCCA00-BA48-4D70-B052-5A6CD2126765}.Debug|Any CPU.ActiveCfg = Debug|Any CPU
		{D6DCCA00-BA48-4D70-B052-5A6CD2126765}.Debug|Any CPU.Build.0 = Debug|Any CPU
		{D6DCCA00-BA48-4D70-B052-5A6CD2126765}.Release|Any CPU.ActiveCfg = Release|Any CPU
		{D6DCCA00-BA48-4D70-B052-5A6CD2126765}.Release|Any CPU.Build.0 = Release|Any CPU
	EndGlobalSection
	GlobalSection(SolutionProperties) = preSolution
		HideSolutionNode = FALSE
	EndGlobalSection
	GlobalSection(ExtensibilityGlobals) = postSolution
		SolutionGuid = {AE9FE6BC-BDAF-43E1-B1CF-B0CF33CCA452}
	EndGlobalSection
EndGlobal
